// !$*UTF8*$!
{
	archiveVersion = 1;
	classes = {
	};
	objectVersion = 56;
	objects = {

/* Begin PBXBuildFile section */
		C25591D05D3A6A258879B42E /* Pods_interviewHelper.framework in Frameworks */ = {isa = PBXBuildFile; fileRef = 571E2A1AC425B6ECB9D8B2B4 /* Pods_interviewHelper.framework */; };
		DA5E5FF129DAFD0700F0FD8F /* OnbordingViewController.swift in Sources */ = {isa = PBXBuildFile; fileRef = DA5E5FF029DAFD0700F0FD8F /* OnbordingViewController.swift */; };
		DA5E5FF329DAFD1000F0FD8F /* Onboarding.storyboard in Resources */ = {isa = PBXBuildFile; fileRef = DA5E5FF229DAFD1000F0FD8F /* Onboarding.storyboard */; };
		DA5E5FF829DB01F200F0FD8F /* MainViewController.swift in Sources */ = {isa = PBXBuildFile; fileRef = DA5E5FF729DB01F200F0FD8F /* MainViewController.swift */; };
		DA5E5FFA29DB01F800F0FD8F /* Main.storyboard in Resources */ = {isa = PBXBuildFile; fileRef = DA5E5FF929DB01F800F0FD8F /* Main.storyboard */; };
		DA5E600029DB02D400F0FD8F /* Question.storyboard in Resources */ = {isa = PBXBuildFile; fileRef = DA5E5FFF29DB02D400F0FD8F /* Question.storyboard */; };
		DA5E600329DB02F800F0FD8F /* QuestionViewController.swift in Sources */ = {isa = PBXBuildFile; fileRef = DA5E600229DB02F800F0FD8F /* QuestionViewController.swift */; };
		DA5E600729DB03A500F0FD8F /* UserDefaultsManager.swift in Sources */ = {isa = PBXBuildFile; fileRef = DA5E600629DB03A500F0FD8F /* UserDefaultsManager.swift */; };
		DA5E600A29DB176900F0FD8F /* QuestionCollectionViewCell.swift in Sources */ = {isa = PBXBuildFile; fileRef = DA5E600929DB176900F0FD8F /* QuestionCollectionViewCell.swift */; };
		DA9FB37229DDB04700B69287 /* Point.swift in Sources */ = {isa = PBXBuildFile; fileRef = DA9FB37129DDB04700B69287 /* Point.swift */; };
		DAA3087229DD7BA100A6F1FD /* QuestionsEnum.swift in Sources */ = {isa = PBXBuildFile; fileRef = DAA3087129DD7BA100A6F1FD /* QuestionsEnum.swift */; };
		DAA3087729DD966000A6F1FD /* Web.storyboard in Resources */ = {isa = PBXBuildFile; fileRef = DAA3087629DD966000A6F1FD /* Web.storyboard */; };
		DAA3087A29DD966F00A6F1FD /* WebViewController.swift in Sources */ = {isa = PBXBuildFile; fileRef = DAA3087929DD966F00A6F1FD /* WebViewController.swift */; };
		DAA3087D29DD9E3E00A6F1FD /* 132643-animation.json in Resources */ = {isa = PBXBuildFile; fileRef = DAA3087C29DD9E3E00A6F1FD /* 132643-animation.json */; };
		DAC47A3429DAFA4F000B66D1 /* AppDelegate.swift in Sources */ = {isa = PBXBuildFile; fileRef = DAC47A3329DAFA4F000B66D1 /* AppDelegate.swift */; };
		DAC47A3629DAFA4F000B66D1 /* SceneDelegate.swift in Sources */ = {isa = PBXBuildFile; fileRef = DAC47A3529DAFA4F000B66D1 /* SceneDelegate.swift */; };
		DAC47A3D29DAFA50000B66D1 /* Assets.xcassets in Resources */ = {isa = PBXBuildFile; fileRef = DAC47A3C29DAFA50000B66D1 /* Assets.xcassets */; };
		DAC47A4029DAFA50000B66D1 /* LaunchScreen.storyboard in Resources */ = {isa = PBXBuildFile; fileRef = DAC47A3E29DAFA50000B66D1 /* LaunchScreen.storyboard */; };
/* End PBXBuildFile section */

/* Begin PBXFileReference section */
		127169AD99306939676F837C /* Pods-interviewHelper.release.xcconfig */ = {isa = PBXFileReference; includeInIndex = 1; lastKnownFileType = text.xcconfig; name = "Pods-interviewHelper.release.xcconfig"; path = "Target Support Files/Pods-interviewHelper/Pods-interviewHelper.release.xcconfig"; sourceTree = "<group>"; };
		571E2A1AC425B6ECB9D8B2B4 /* Pods_interviewHelper.framework */ = {isa = PBXFileReference; explicitFileType = wrapper.framework; includeInIndex = 0; path = Pods_interviewHelper.framework; sourceTree = BUILT_PRODUCTS_DIR; };
		6454C5B1804D9A5A268CE30D /* Pods-interviewHelper.debug.xcconfig */ = {isa = PBXFileReference; includeInIndex = 1; lastKnownFileType = text.xcconfig; name = "Pods-interviewHelper.debug.xcconfig"; path = "Target Support Files/Pods-interviewHelper/Pods-interviewHelper.debug.xcconfig"; sourceTree = "<group>"; };
		DA5E5FF029DAFD0700F0FD8F /* OnbordingViewController.swift */ = {isa = PBXFileReference; lastKnownFileType = sourcecode.swift; path = OnbordingViewController.swift; sourceTree = "<group>"; };
		DA5E5FF229DAFD1000F0FD8F /* Onboarding.storyboard */ = {isa = PBXFileReference; lastKnownFileType = file.storyboard; path = Onboarding.storyboard; sourceTree = "<group>"; };
		DA5E5FF729DB01F200F0FD8F /* MainViewController.swift */ = {isa = PBXFileReference; lastKnownFileType = sourcecode.swift; path = MainViewController.swift; sourceTree = "<group>"; };
		DA5E5FF929DB01F800F0FD8F /* Main.storyboard */ = {isa = PBXFileReference; lastKnownFileType = file.storyboard; path = Main.storyboard; sourceTree = "<group>"; };
		DA5E5FFF29DB02D400F0FD8F /* Question.storyboard */ = {isa = PBXFileReference; lastKnownFileType = file.storyboard; path = Question.storyboard; sourceTree = "<group>"; };
		DA5E600229DB02F800F0FD8F /* QuestionViewController.swift */ = {isa = PBXFileReference; lastKnownFileType = sourcecode.swift; path = QuestionViewController.swift; sourceTree = "<group>"; };
		DA5E600629DB03A500F0FD8F /* UserDefaultsManager.swift */ = {isa = PBXFileReference; lastKnownFileType = sourcecode.swift; path = UserDefaultsManager.swift; sourceTree = "<group>"; };
		DA5E600929DB176900F0FD8F /* QuestionCollectionViewCell.swift */ = {isa = PBXFileReference; lastKnownFileType = sourcecode.swift; path = QuestionCollectionViewCell.swift; sourceTree = "<group>"; };
		DA9FB37129DDB04700B69287 /* Point.swift */ = {isa = PBXFileReference; lastKnownFileType = sourcecode.swift; path = Point.swift; sourceTree = "<group>"; };
		DAA3087129DD7BA100A6F1FD /* QuestionsEnum.swift */ = {isa = PBXFileReference; lastKnownFileType = sourcecode.swift; path = QuestionsEnum.swift; sourceTree = "<group>"; };
		DAA3087629DD966000A6F1FD /* Web.storyboard */ = {isa = PBXFileReference; lastKnownFileType = file.storyboard; path = Web.storyboard; sourceTree = "<group>"; };
		DAA3087929DD966F00A6F1FD /* WebViewController.swift */ = {isa = PBXFileReference; lastKnownFileType = sourcecode.swift; path = WebViewController.swift; sourceTree = "<group>"; };
		DAA3087C29DD9E3E00A6F1FD /* 132643-animation.json */ = {isa = PBXFileReference; fileEncoding = 4; lastKnownFileType = text.json; path = "132643-animation.json"; sourceTree = "<group>"; };
		DAC47A3029DAFA4F000B66D1 /* interviewHelper.app */ = {isa = PBXFileReference; explicitFileType = wrapper.application; includeInIndex = 0; path = interviewHelper.app; sourceTree = BUILT_PRODUCTS_DIR; };
		DAC47A3329DAFA4F000B66D1 /* AppDelegate.swift */ = {isa = PBXFileReference; lastKnownFileType = sourcecode.swift; path = AppDelegate.swift; sourceTree = "<group>"; };
		DAC47A3529DAFA4F000B66D1 /* SceneDelegate.swift */ = {isa = PBXFileReference; lastKnownFileType = sourcecode.swift; path = SceneDelegate.swift; sourceTree = "<group>"; };
		DAC47A3C29DAFA50000B66D1 /* Assets.xcassets */ = {isa = PBXFileReference; lastKnownFileType = folder.assetcatalog; path = Assets.xcassets; sourceTree = "<group>"; };
		DAC47A3F29DAFA50000B66D1 /* Base */ = {isa = PBXFileReference; lastKnownFileType = file.storyboard; name = Base; path = Base.lproj/LaunchScreen.storyboard; sourceTree = "<group>"; };
		DAC47A4129DAFA50000B66D1 /* Info.plist */ = {isa = PBXFileReference; lastKnownFileType = text.plist.xml; path = Info.plist; sourceTree = "<group>"; };
/* End PBXFileReference section */

/* Begin PBXFrameworksBuildPhase section */
		DAC47A2D29DAFA4F000B66D1 /* Frameworks */ = {
			isa = PBXFrameworksBuildPhase;
			buildActionMask = 2147483647;
			files = (
				C25591D05D3A6A258879B42E /* Pods_interviewHelper.framework in Frameworks */,
			);
			runOnlyForDeploymentPostprocessing = 0;
		};
/* End PBXFrameworksBuildPhase section */

/* Begin PBXGroup section */
		2F76A1504C13C7854F940192 /* Frameworks */ = {
			isa = PBXGroup;
			children = (
				571E2A1AC425B6ECB9D8B2B4 /* Pods_interviewHelper.framework */,
			);
			name = Frameworks;
			sourceTree = "<group>";
		};
		3BB3901A61121812EFD4B8DA /* Pods */ = {
			isa = PBXGroup;
			children = (
				6454C5B1804D9A5A268CE30D /* Pods-interviewHelper.debug.xcconfig */,
				127169AD99306939676F837C /* Pods-interviewHelper.release.xcconfig */,
			);
			path = Pods;
			sourceTree = "<group>";
		};
		DA5E5FEA29DAFCBD00F0FD8F /* Groups */ = {
			isa = PBXGroup;
			children = (
				DAA3087329DD964000A6F1FD /* Web */,
				DA5E5FFB29DB02A600F0FD8F /* Question */,
				DA5E5FF429DB01D300F0FD8F /* Main */,
				DA5E5FEC29DAFCE800F0FD8F /* Onboarding */,
			);
			path = Groups;
			sourceTree = "<group>";
		};
		DA5E5FEC29DAFCE800F0FD8F /* Onboarding */ = {
			isa = PBXGroup;
			children = (
				DA5E5FEE29DAFCF400F0FD8F /* Storyboard */,
				DA5E5FED29DAFCEF00F0FD8F /* ViewController */,
			);
			path = Onboarding;
			sourceTree = "<group>";
		};
		DA5E5FED29DAFCEF00F0FD8F /* ViewController */ = {
			isa = PBXGroup;
			children = (
				DA5E5FF029DAFD0700F0FD8F /* OnbordingViewController.swift */,
			);
			path = ViewController;
			sourceTree = "<group>";
		};
		DA5E5FEE29DAFCF400F0FD8F /* Storyboard */ = {
			isa = PBXGroup;
			children = (
				DA5E5FF229DAFD1000F0FD8F /* Onboarding.storyboard */,
			);
			path = Storyboard;
			sourceTree = "<group>";
		};
		DA5E5FF429DB01D300F0FD8F /* Main */ = {
			isa = PBXGroup;
			children = (
				DA5E5FF629DB01E300F0FD8F /* Storyboard */,
				DA5E5FF529DB01DE00F0FD8F /* ViewController */,
			);
			path = Main;
			sourceTree = "<group>";
		};
		DA5E5FF529DB01DE00F0FD8F /* ViewController */ = {
			isa = PBXGroup;
			children = (
				DA5E5FF729DB01F200F0FD8F /* MainViewController.swift */,
			);
			path = ViewController;
			sourceTree = "<group>";
		};
		DA5E5FF629DB01E300F0FD8F /* Storyboard */ = {
			isa = PBXGroup;
			children = (
				DA5E5FF929DB01F800F0FD8F /* Main.storyboard */,
			);
			path = Storyboard;
			sourceTree = "<group>";
		};
		DA5E5FFB29DB02A600F0FD8F /* Question */ = {
			isa = PBXGroup;
			children = (
				DAA3086F29DD7B7600A6F1FD /* Enum */,
				DA5E600829DB16FD00F0FD8F /* Cell */,
				DA5E5FFD29DB02C500F0FD8F /* Storyboard */,
				DA5E5FFC29DB02BF00F0FD8F /* ViewController */,
			);
			path = Question;
			sourceTree = "<group>";
		};
		DA5E5FFC29DB02BF00F0FD8F /* ViewController */ = {
			isa = PBXGroup;
			children = (
				DA5E600229DB02F800F0FD8F /* QuestionViewController.swift */,
			);
			path = ViewController;
			sourceTree = "<group>";
		};
		DA5E5FFD29DB02C500F0FD8F /* Storyboard */ = {
			isa = PBXGroup;
			children = (
				DA5E5FFF29DB02D400F0FD8F /* Question.storyboard */,
			);
			path = Storyboard;
			sourceTree = "<group>";
		};
		DA5E600529DB038A00F0FD8F /* Core */ = {
			isa = PBXGroup;
			children = (
				DA9FB37029DDB03300B69287 /* Point */,
				DA5E600629DB03A500F0FD8F /* UserDefaultsManager.swift */,
			);
			path = Core;
			sourceTree = "<group>";
		};
		DA5E600829DB16FD00F0FD8F /* Cell */ = {
			isa = PBXGroup;
			children = (
				DA5E600929DB176900F0FD8F /* QuestionCollectionViewCell.swift */,
			);
			path = Cell;
			sourceTree = "<group>";
		};
		DA9FB37029DDB03300B69287 /* Point */ = {
			isa = PBXGroup;
			children = (
				DA9FB37129DDB04700B69287 /* Point.swift */,
			);
			path = Point;
			sourceTree = "<group>";
		};
		DAA3086F29DD7B7600A6F1FD /* Enum */ = {
			isa = PBXGroup;
			children = (
				DAA3087129DD7BA100A6F1FD /* QuestionsEnum.swift */,
			);
			path = Enum;
			sourceTree = "<group>";
		};
		DAA3087329DD964000A6F1FD /* Web */ = {
			isa = PBXGroup;
			children = (
				DAA3087529DD965600A6F1FD /* Storyboard */,
				DAA3087429DD965100A6F1FD /* ViewController */,
			);
			path = Web;
			sourceTree = "<group>";
		};
		DAA3087429DD965100A6F1FD /* ViewController */ = {
			isa = PBXGroup;
			children = (
				DAA3087929DD966F00A6F1FD /* WebViewController.swift */,
			);
			path = ViewController;
			sourceTree = "<group>";
		};
		DAA3087529DD965600A6F1FD /* Storyboard */ = {
			isa = PBXGroup;
			children = (
				DAA3087629DD966000A6F1FD /* Web.storyboard */,
			);
			path = Storyboard;
			sourceTree = "<group>";
		};
		DAA3087B29DD9E2800A6F1FD /* components */ = {
			isa = PBXGroup;
			children = (
				DAA3087C29DD9E3E00A6F1FD /* 132643-animation.json */,
			);
			path = components;
			sourceTree = "<group>";
		};
		DAC47A2729DAFA4F000B66D1 = {
			isa = PBXGroup;
			children = (
				DAC47A3229DAFA4F000B66D1 /* interviewHelper */,
				DAC47A3129DAFA4F000B66D1 /* Products */,
				3BB3901A61121812EFD4B8DA /* Pods */,
				2F76A1504C13C7854F940192 /* Frameworks */,
			);
			sourceTree = "<group>";
		};
		DAC47A3129DAFA4F000B66D1 /* Products */ = {
			isa = PBXGroup;
			children = (
				DAC47A3029DAFA4F000B66D1 /* interviewHelper.app */,
			);
			name = Products;
			sourceTree = "<group>";
		};
		DAC47A3229DAFA4F000B66D1 /* interviewHelper */ = {
			isa = PBXGroup;
			children = (
				DA5E5FEA29DAFCBD00F0FD8F /* Groups */,
				DAC47A3329DAFA4F000B66D1 /* AppDelegate.swift */,
				DAC47A3529DAFA4F000B66D1 /* SceneDelegate.swift */,
				DAC47A3C29DAFA50000B66D1 /* Assets.xcassets */,
				DAC47A3E29DAFA50000B66D1 /* LaunchScreen.storyboard */,
				DAC47A4129DAFA50000B66D1 /* Info.plist */,
				DAA3087B29DD9E2800A6F1FD /* components */,
				DA5E600529DB038A00F0FD8F /* Core */,
			);
			path = interviewHelper;
			sourceTree = "<group>";
		};
/* End PBXGroup section */

/* Begin PBXNativeTarget section */
		DAC47A2F29DAFA4F000B66D1 /* interviewHelper */ = {
			isa = PBXNativeTarget;
			buildConfigurationList = DAC47A4429DAFA50000B66D1 /* Build configuration list for PBXNativeTarget "interviewHelper" */;
			buildPhases = (
				DCB79E562AF350705DBBF159 /* [CP] Check Pods Manifest.lock */,
				DAC47A2C29DAFA4F000B66D1 /* Sources */,
				DAC47A2D29DAFA4F000B66D1 /* Frameworks */,
				DAC47A2E29DAFA4F000B66D1 /* Resources */,
				80B98ABF0B8B919BA9570F5F /* [CP] Embed Pods Frameworks */,
			);
			buildRules = (
			);
			dependencies = (
			);
			name = interviewHelper;
			productName = interviewHelper;
			productReference = DAC47A3029DAFA4F000B66D1 /* interviewHelper.app */;
			productType = "com.apple.product-type.application";
		};
/* End PBXNativeTarget section */

/* Begin PBXProject section */
		DAC47A2829DAFA4F000B66D1 /* Project object */ = {
			isa = PBXProject;
			attributes = {
				BuildIndependentTargetsInParallel = 1;
				LastSwiftUpdateCheck = 1430;
				LastUpgradeCheck = 1430;
				TargetAttributes = {
					DAC47A2F29DAFA4F000B66D1 = {
						CreatedOnToolsVersion = 14.3;
					};
				};
			};
			buildConfigurationList = DAC47A2B29DAFA4F000B66D1 /* Build configuration list for PBXProject "interviewHelper" */;
			compatibilityVersion = "Xcode 14.0";
			developmentRegion = en;
			hasScannedForEncodings = 0;
			knownRegions = (
				en,
				Base,
			);
			mainGroup = DAC47A2729DAFA4F000B66D1;
			productRefGroup = DAC47A3129DAFA4F000B66D1 /* Products */;
			projectDirPath = "";
			projectRoot = "";
			targets = (
				DAC47A2F29DAFA4F000B66D1 /* interviewHelper */,
			);
		};
/* End PBXProject section */

/* Begin PBXResourcesBuildPhase section */
		DAC47A2E29DAFA4F000B66D1 /* Resources */ = {
			isa = PBXResourcesBuildPhase;
			buildActionMask = 2147483647;
			files = (
				DAC47A4029DAFA50000B66D1 /* LaunchScreen.storyboard in Resources */,
				DA5E600029DB02D400F0FD8F /* Question.storyboard in Resources */,
				DAA3087D29DD9E3E00A6F1FD /* 132643-animation.json in Resources */,
				DAC47A3D29DAFA50000B66D1 /* Assets.xcassets in Resources */,
				DA5E5FF329DAFD1000F0FD8F /* Onboarding.storyboard in Resources */,
				DA5E5FFA29DB01F800F0FD8F /* Main.storyboard in Resources */,
				DAA3087729DD966000A6F1FD /* Web.storyboard in Resources */,
			);
			runOnlyForDeploymentPostprocessing = 0;
		};
/* End PBXResourcesBuildPhase section */

/* Begin PBXShellScriptBuildPhase section */
		80B98ABF0B8B919BA9570F5F /* [CP] Embed Pods Frameworks */ = {
			isa = PBXShellScriptBuildPhase;
			buildActionMask = 2147483647;
			files = (
			);
			inputFileListPaths = (
				"${PODS_ROOT}/Target Support Files/Pods-interviewHelper/Pods-interviewHelper-frameworks-${CONFIGURATION}-input-files.xcfilelist",
			);
			name = "[CP] Embed Pods Frameworks";
			outputFileListPaths = (
				"${PODS_ROOT}/Target Support Files/Pods-interviewHelper/Pods-interviewHelper-frameworks-${CONFIGURATION}-output-files.xcfilelist",
			);
			runOnlyForDeploymentPostprocessing = 0;
			shellPath = /bin/sh;
			shellScript = "\"${PODS_ROOT}/Target Support Files/Pods-interviewHelper/Pods-interviewHelper-frameworks.sh\"\n";
			showEnvVarsInLog = 0;
		};
		DCB79E562AF350705DBBF159 /* [CP] Check Pods Manifest.lock */ = {
			isa = PBXShellScriptBuildPhase;
			buildActionMask = 2147483647;
			files = (
			);
			inputFileListPaths = (
			);
			inputPaths = (
				"${PODS_PODFILE_DIR_PATH}/Podfile.lock",
				"${PODS_ROOT}/Manifest.lock",
			);
			name = "[CP] Check Pods Manifest.lock";
			outputFileListPaths = (
			);
			outputPaths = (
				"$(DERIVED_FILE_DIR)/Pods-interviewHelper-checkManifestLockResult.txt",
			);
			runOnlyForDeploymentPostprocessing = 0;
			shellPath = /bin/sh;
			shellScript = "diff \"${PODS_PODFILE_DIR_PATH}/Podfile.lock\" \"${PODS_ROOT}/Manifest.lock\" > /dev/null\nif [ $? != 0 ] ; then\n    # print error to STDERR\n    echo \"error: The sandbox is not in sync with the Podfile.lock. Run 'pod install' or update your CocoaPods installation.\" >&2\n    exit 1\nfi\n# This output is used by Xcode 'outputs' to avoid re-running this script phase.\necho \"SUCCESS\" > \"${SCRIPT_OUTPUT_FILE_0}\"\n";
			showEnvVarsInLog = 0;
		};
/* End PBXShellScriptBuildPhase section */

/* Begin PBXSourcesBuildPhase section */
		DAC47A2C29DAFA4F000B66D1 /* Sources */ = {
			isa = PBXSourcesBuildPhase;
			buildActionMask = 2147483647;
			files = (
				DA5E5FF129DAFD0700F0FD8F /* OnbordingViewController.swift in Sources */,
				DAA3087A29DD966F00A6F1FD /* WebViewController.swift in Sources */,
				DA5E600329DB02F800F0FD8F /* QuestionViewController.swift in Sources */,
				DA5E600A29DB176900F0FD8F /* QuestionCollectionViewCell.swift in Sources */,
				DA5E600729DB03A500F0FD8F /* UserDefaultsManager.swift in Sources */,
				DAC47A3429DAFA4F000B66D1 /* AppDelegate.swift in Sources */,
				DA9FB37229DDB04700B69287 /* Point.swift in Sources */,
				DAC47A3629DAFA4F000B66D1 /* SceneDelegate.swift in Sources */,
				DAA3087229DD7BA100A6F1FD /* QuestionsEnum.swift in Sources */,
				DA5E5FF829DB01F200F0FD8F /* MainViewController.swift in Sources */,
			);
			runOnlyForDeploymentPostprocessing = 0;
		};
/* End PBXSourcesBuildPhase section */

/* Begin PBXVariantGroup section */
		DAC47A3E29DAFA50000B66D1 /* LaunchScreen.storyboard */ = {
			isa = PBXVariantGroup;
			children = (
				DAC47A3F29DAFA50000B66D1 /* Base */,
			);
			name = LaunchScreen.storyboard;
			sourceTree = "<group>";
		};
/* End PBXVariantGroup section */

/* Begin XCBuildConfiguration section */
		DAC47A4229DAFA50000B66D1 /* Debug */ = {
			isa = XCBuildConfiguration;
			buildSettings = {
				ALWAYS_SEARCH_USER_PATHS = NO;
				CLANG_ANALYZER_NONNULL = YES;
				CLANG_ANALYZER_NUMBER_OBJECT_CONVERSION = YES_AGGRESSIVE;
				CLANG_CXX_LANGUAGE_STANDARD = "gnu++20";
				CLANG_ENABLE_MODULES = YES;
				CLANG_ENABLE_OBJC_ARC = YES;
				CLANG_ENABLE_OBJC_WEAK = YES;
				CLANG_WARN_BLOCK_CAPTURE_AUTORELEASING = YES;
				CLANG_WARN_BOOL_CONVERSION = YES;
				CLANG_WARN_COMMA = YES;
				CLANG_WARN_CONSTANT_CONVERSION = YES;
				CLANG_WARN_DEPRECATED_OBJC_IMPLEMENTATIONS = YES;
				CLANG_WARN_DIRECT_OBJC_ISA_USAGE = YES_ERROR;
				CLANG_WARN_DOCUMENTATION_COMMENTS = YES;
				CLANG_WARN_EMPTY_BODY = YES;
				CLANG_WARN_ENUM_CONVERSION = YES;
				CLANG_WARN_INFINITE_RECURSION = YES;
				CLANG_WARN_INT_CONVERSION = YES;
				CLANG_WARN_NON_LITERAL_NULL_CONVERSION = YES;
				CLANG_WARN_OBJC_IMPLICIT_RETAIN_SELF = YES;
				CLANG_WARN_OBJC_LITERAL_CONVERSION = YES;
				CLANG_WARN_OBJC_ROOT_CLASS = YES_ERROR;
				CLANG_WARN_QUOTED_INCLUDE_IN_FRAMEWORK_HEADER = YES;
				CLANG_WARN_RANGE_LOOP_ANALYSIS = YES;
				CLANG_WARN_STRICT_PROTOTYPES = YES;
				CLANG_WARN_SUSPICIOUS_MOVE = YES;
				CLANG_WARN_UNGUARDED_AVAILABILITY = YES_AGGRESSIVE;
				CLANG_WARN_UNREACHABLE_CODE = YES;
				CLANG_WARN__DUPLICATE_METHOD_MATCH = YES;
				COPY_PHASE_STRIP = NO;
				DEBUG_INFORMATION_FORMAT = dwarf;
				ENABLE_STRICT_OBJC_MSGSEND = YES;
				ENABLE_TESTABILITY = YES;
				GCC_C_LANGUAGE_STANDARD = gnu11;
				GCC_DYNAMIC_NO_PIC = NO;
				GCC_NO_COMMON_BLOCKS = YES;
				GCC_OPTIMIZATION_LEVEL = 0;
				GCC_PREPROCESSOR_DEFINITIONS = (
					"DEBUG=1",
					"$(inherited)",
				);
				GCC_WARN_64_TO_32_BIT_CONVERSION = YES;
				GCC_WARN_ABOUT_RETURN_TYPE = YES_ERROR;
				GCC_WARN_UNDECLARED_SELECTOR = YES;
				GCC_WARN_UNINITIALIZED_AUTOS = YES_AGGRESSIVE;
				GCC_WARN_UNUSED_FUNCTION = YES;
				GCC_WARN_UNUSED_VARIABLE = YES;
				IPHONEOS_DEPLOYMENT_TARGET = 15.0;
				MTL_ENABLE_DEBUG_INFO = INCLUDE_SOURCE;
				MTL_FAST_MATH = YES;
				ONLY_ACTIVE_ARCH = YES;
				SDKROOT = iphoneos;
				SWIFT_ACTIVE_COMPILATION_CONDITIONS = DEBUG;
				SWIFT_OPTIMIZATION_LEVEL = "-Onone";
			};
			name = Debug;
		};
		DAC47A4329DAFA50000B66D1 /* Release */ = {
			isa = XCBuildConfiguration;
			buildSettings = {
				ALWAYS_SEARCH_USER_PATHS = NO;
				CLANG_ANALYZER_NONNULL = YES;
				CLANG_ANALYZER_NUMBER_OBJECT_CONVERSION = YES_AGGRESSIVE;
				CLANG_CXX_LANGUAGE_STANDARD = "gnu++20";
				CLANG_ENABLE_MODULES = YES;
				CLANG_ENABLE_OBJC_ARC = YES;
				CLANG_ENABLE_OBJC_WEAK = YES;
				CLANG_WARN_BLOCK_CAPTURE_AUTORELEASING = YES;
				CLANG_WARN_BOOL_CONVERSION = YES;
				CLANG_WARN_COMMA = YES;
				CLANG_WARN_CONSTANT_CONVERSION = YES;
				CLANG_WARN_DEPRECATED_OBJC_IMPLEMENTATIONS = YES;
				CLANG_WARN_DIRECT_OBJC_ISA_USAGE = YES_ERROR;
				CLANG_WARN_DOCUMENTATION_COMMENTS = YES;
				CLANG_WARN_EMPTY_BODY = YES;
				CLANG_WARN_ENUM_CONVERSION = YES;
				CLANG_WARN_INFINITE_RECURSION = YES;
				CLANG_WARN_INT_CONVERSION = YES;
				CLANG_WARN_NON_LITERAL_NULL_CONVERSION = YES;
				CLANG_WARN_OBJC_IMPLICIT_RETAIN_SELF = YES;
				CLANG_WARN_OBJC_LITERAL_CONVERSION = YES;
				CLANG_WARN_OBJC_ROOT_CLASS = YES_ERROR;
				CLANG_WARN_QUOTED_INCLUDE_IN_FRAMEWORK_HEADER = YES;
				CLANG_WARN_RANGE_LOOP_ANALYSIS = YES;
				CLANG_WARN_STRICT_PROTOTYPES = YES;
				CLANG_WARN_SUSPICIOUS_MOVE = YES;
				CLANG_WARN_UNGUARDED_AVAILABILITY = YES_AGGRESSIVE;
				CLANG_WARN_UNREACHABLE_CODE = YES;
				CLANG_WARN__DUPLICATE_METHOD_MATCH = YES;
				COPY_PHASE_STRIP = NO;
				DEBUG_INFORMATION_FORMAT = "dwarf-with-dsym";
				ENABLE_NS_ASSERTIONS = NO;
				ENABLE_STRICT_OBJC_MSGSEND = YES;
				GCC_C_LANGUAGE_STANDARD = gnu11;
				GCC_NO_COMMON_BLOCKS = YES;
				GCC_WARN_64_TO_32_BIT_CONVERSION = YES;
				GCC_WARN_ABOUT_RETURN_TYPE = YES_ERROR;
				GCC_WARN_UNDECLARED_SELECTOR = YES;
				GCC_WARN_UNINITIALIZED_AUTOS = YES_AGGRESSIVE;
				GCC_WARN_UNUSED_FUNCTION = YES;
				GCC_WARN_UNUSED_VARIABLE = YES;
				IPHONEOS_DEPLOYMENT_TARGET = 15.0;
				MTL_ENABLE_DEBUG_INFO = NO;
				MTL_FAST_MATH = YES;
				SDKROOT = iphoneos;
				SWIFT_COMPILATION_MODE = wholemodule;
				SWIFT_OPTIMIZATION_LEVEL = "-O";
				VALIDATE_PRODUCT = YES;
			};
			name = Release;
		};
		DAC47A4529DAFA50000B66D1 /* Debug */ = {
			isa = XCBuildConfiguration;
			baseConfigurationReference = 6454C5B1804D9A5A268CE30D /* Pods-interviewHelper.debug.xcconfig */;
			buildSettings = {
				ASSETCATALOG_COMPILER_APPICON_NAME = AppIcon;
				ASSETCATALOG_COMPILER_GLOBAL_ACCENT_COLOR_NAME = AccentColor;
				CODE_SIGN_STYLE = Automatic;
				CURRENT_PROJECT_VERSION = 1;
				DEVELOPMENT_TEAM = X6R4LLPCMV;
				GENERATE_INFOPLIST_FILE = YES;
				INFOPLIST_FILE = interviewHelper/Info.plist;
				INFOPLIST_KEY_UIApplicationSupportsIndirectInputEvents = YES;
				INFOPLIST_KEY_UILaunchStoryboardName = LaunchScreen;
				INFOPLIST_KEY_UIMainStoryboardFile = "";
				INFOPLIST_KEY_UISupportedInterfaceOrientations = UIInterfaceOrientationPortrait;
				IPHONEOS_DEPLOYMENT_TARGET = 15.0;
				LD_RUNPATH_SEARCH_PATHS = (
					"$(inherited)",
					"@executable_path/Frameworks",
				);
				MARKETING_VERSION = 1.0;
				PRODUCT_BUNDLE_IDENTIFIER = test.interviewHelper;
				PRODUCT_NAME = "$(TARGET_NAME)";
				SWIFT_EMIT_LOC_STRINGS = YES;
				SWIFT_VERSION = 5.0;
				TARGETED_DEVICE_FAMILY = "1,2";
			};
			name = Debug;
		};
		DAC47A4629DAFA50000B66D1 /* Release */ = {
			isa = XCBuildConfiguration;
			baseConfigurationReference = 127169AD99306939676F837C /* Pods-interviewHelper.release.xcconfig */;
			buildSettings = {
				ASSETCATALOG_COMPILER_APPICON_NAME = AppIcon;
				ASSETCATALOG_COMPILER_GLOBAL_ACCENT_COLOR_NAME = AccentColor;
				CODE_SIGN_STYLE = Automatic;
				CURRENT_PROJECT_VERSION = 1;
				DEVELOPMENT_TEAM = X6R4LLPCMV;
				GENERATE_INFOPLIST_FILE = YES;
				INFOPLIST_FILE = interviewHelper/Info.plist;
				INFOPLIST_KEY_UIApplicationSupportsIndirectInputEvents = YES;
				INFOPLIST_KEY_UILaunchStoryboardName = LaunchScreen;
				INFOPLIST_KEY_UIMainStoryboardFile = "";
				INFOPLIST_KEY_UISupportedInterfaceOrientations = UIInterfaceOrientationPortrait;
				IPHONEOS_DEPLOYMENT_TARGET = 15.0;
				LD_RUNPATH_SEARCH_PATHS = (
					"$(inherited)",
					"@executable_path/Frameworks",
				);
				MARKETING_VERSION = 1.0;
				PRODUCT_BUNDLE_IDENTIFIER = test.interviewHelper;
				PRODUCT_NAME = "$(TARGET_NAME)";
				SWIFT_EMIT_LOC_STRINGS = YES;
				SWIFT_VERSION = 5.0;
				TARGETED_DEVICE_FAMILY = "1,2";
			};
			name = Release;
		};
/* End XCBuildConfiguration section */

/* Begin XCConfigurationList section */
		DAC47A2B29DAFA4F000B66D1 /* Build configuration list for PBXProject "interviewHelper" */ = {
			isa = XCConfigurationList;
			buildConfigurations = (
				DAC47A4229DAFA50000B66D1 /* Debug */,
				DAC47A4329DAFA50000B66D1 /* Release */,
			);
			defaultConfigurationIsVisible = 0;
			defaultConfigurationName = Release;
		};
		DAC47A4429DAFA50000B66D1 /* Build configuration list for PBXNativeTarget "interviewHelper" */ = {
			isa = XCConfigurationList;
			buildConfigurations = (
				DAC47A4529DAFA50000B66D1 /* Debug */,
				DAC47A4629DAFA50000B66D1 /* Release */,
			);
			defaultConfigurationIsVisible = 0;
			defaultConfigurationName = Release;
		};
/* End XCConfigurationList section */
	};
	rootObject = DAC47A2829DAFA4F000B66D1 /* Project object */;
}
